
Microsoft Visual Studio Solution File, Format Version 12.00
Project("{FAE04EC0-301F-11D3-BF4B-00C04F79EFBC}") = "Be.Vlaanderen.Basisregisters.MessageHandling.Kafka", "..\src\Be.Vlaanderen.Basisregisters.MessageHandling.Kafka\Be.Vlaanderen.Basisregisters.MessageHandling.Kafka.csproj", "{8CB1BB65-59E5-45DF-A2C4-0E46039F1CC7}"
EndProject
Project("{FAE04EC0-301F-11D3-BF4B-00C04F79EFBC}") = "SampleKafkaPublisher", "SampleKafkaPublisher\SampleKafkaPublisher.csproj", "{CA248B2C-772C-41DD-AD37-3B59743F7713}"
EndProject
Project("{FAE04EC0-301F-11D3-BF4B-00C04F79EFBC}") = "Be.Vlaanderen.Basisregisters.MessageHandling.RabbitMq", "..\src\Be.Vlaanderen.Basisregisters.MessageHandling.RabbitMq\Be.Vlaanderen.Basisregisters.MessageHandling.RabbitMq.csproj", "{7E2B0E8E-3CA3-4758-AACE-FF76DC4DB7AC}"
EndProject
Global
	GlobalSection(SolutionConfigurationPlatforms) = preSolution
		Debug|Any CPU = Debug|Any CPU
		Release|Any CPU = Release|Any CPU
	EndGlobalSection
	GlobalSection(ProjectConfigurationPlatforms) = postSolution
		{8CB1BB65-59E5-45DF-A2C4-0E46039F1CC7}.Debug|Any CPU.ActiveCfg = Debug|Any CPU
		{8CB1BB65-59E5-45DF-A2C4-0E46039F1CC7}.Debug|Any CPU.Build.0 = Debug|Any CPU
		{8CB1BB65-59E5-45DF-A2C4-0E46039F1CC7}.Release|Any CPU.ActiveCfg = Release|Any CPU
		{8CB1BB65-59E5-45DF-A2C4-0E46039F1CC7}.Release|Any CPU.Build.0 = Release|Any CPU
		{CA248B2C-772C-41DD-AD37-3B59743F7713}.Debug|Any CPU.ActiveCfg = Debug|Any CPU
		{CA248B2C-772C-41DD-AD37-3B59743F7713}.Debug|Any CPU.Build.0 = Debug|Any CPU
		{CA248B2C-772C-41DD-AD37-3B59743F7713}.Release|Any CPU.ActiveCfg = Release|Any CPU
		{CA248B2C-772C-41DD-AD37-3B59743F7713}.Release|Any CPU.Build.0 = Release|Any CPU
		{7E2B0E8E-3CA3-4758-AACE-FF76DC4DB7AC}.Debug|Any CPU.ActiveCfg = Debug|Any CPU
		{7E2B0E8E-3CA3-4758-AACE-FF76DC4DB7AC}.Debug|Any CPU.Build.0 = Debug|Any CPU
		{7E2B0E8E-3CA3-4758-AACE-FF76DC4DB7AC}.Release|Any CPU.ActiveCfg = Release|Any CPU
		{7E2B0E8E-3CA3-4758-AACE-FF76DC4DB7AC}.Release|Any CPU.Build.0 = Release|Any CPU
	EndGlobalSection
EndGlobal
